// !$*UTF8*$!
{
	archiveVersion = 1;
	classes = {
	};
	objectVersion = 52;
	objects = {

/* Begin PBXBuildFile section */
		6E17D2D729EFC5B5006089ED /* GptModel.swift in Sources */ = {isa = PBXBuildFile; fileRef = 6E17D2D629EFC5B5006089ED /* GptModel.swift */; };
		6E17D2D829EFC5B5006089ED /* GptModel.swift in Sources */ = {isa = PBXBuildFile; fileRef = 6E17D2D629EFC5B5006089ED /* GptModel.swift */; };
		6E39D0A029EFB2DA0087BB7F /* SettingsView.swift in Sources */ = {isa = PBXBuildFile; fileRef = 6E39D09F29EFB2DA0087BB7F /* SettingsView.swift */; };
		6E39D0A129EFB2DA0087BB7F /* SettingsView.swift in Sources */ = {isa = PBXBuildFile; fileRef = 6E39D09F29EFB2DA0087BB7F /* SettingsView.swift */; };
		6E3D4FE129EBB8B40014201D /* APIController.swift in Sources */ = {isa = PBXBuildFile; fileRef = 6E3D4FD929EBB78A0014201D /* APIController.swift */; };
		6E3D4FE229EBB8B40014201D /* ViewModel.swift in Sources */ = {isa = PBXBuildFile; fileRef = 6E3D4FD529EBB7500014201D /* ViewModel.swift */; };
		6E3D4FE629EBC1440014201D /* ContentView.swift in Sources */ = {isa = PBXBuildFile; fileRef = 6E3D4FDD29EBB7CD0014201D /* ContentView.swift */; };
		6E3D4FE829EBC17D0014201D /* MessageRowView.swift in Sources */ = {isa = PBXBuildFile; fileRef = 6E3D4FDF29EBB7F90014201D /* MessageRowView.swift */; };
		6E3DED1929ECCF580088B64A /* ContentView.swift in Sources */ = {isa = PBXBuildFile; fileRef = 6E3DED1829ECCF580088B64A /* ContentView.swift */; };
		6E3DED1B29ECCF590088B64A /* Assets.xcassets in Resources */ = {isa = PBXBuildFile; fileRef = 6E3DED1A29ECCF590088B64A /* Assets.xcassets */; };
		6E9CC2A529EEB53B00D48F01 /* APIController.swift in Sources */ = {isa = PBXBuildFile; fileRef = 6E3D4FD929EBB78A0014201D /* APIController.swift */; };
		6E9CC2A729EEB55E00D48F01 /* MessageRowView.swift in Sources */ = {isa = PBXBuildFile; fileRef = 6E9CC2A629EEB55E00D48F01 /* MessageRowView.swift */; };
		6E9CC2AE29EEB7A500D48F01 /* ViewModel.swift in Sources */ = {isa = PBXBuildFile; fileRef = 6E3D4FD529EBB7500014201D /* ViewModel.swift */; };
		6E9CC2B029EEB86800D48F01 /* SpeechLanguage.swift in Sources */ = {isa = PBXBuildFile; fileRef = 6E9CC2AF29EEB86800D48F01 /* SpeechLanguage.swift */; };
		6E9CC2B129EEB8B700D48F01 /* SpeechLanguage.swift in Sources */ = {isa = PBXBuildFile; fileRef = 6E9CC2AF29EEB86800D48F01 /* SpeechLanguage.swift */; };
		6E9CC2C729EEE6ED00D48F01 /* AppMain.swift in Sources */ = {isa = PBXBuildFile; fileRef = 6E9CC2C629EEE6ED00D48F01 /* AppMain.swift */; };
		6E9CC2C829EEE6ED00D48F01 /* AppMain.swift in Sources */ = {isa = PBXBuildFile; fileRef = 6E9CC2C629EEE6ED00D48F01 /* AppMain.swift */; };
		6EBE017929F00BC2006D1788 /* Synthesizer.swift in Sources */ = {isa = PBXBuildFile; fileRef = 6EBE017829F00BC2006D1788 /* Synthesizer.swift */; };
		6EBE017A29F00BC2006D1788 /* Synthesizer.swift in Sources */ = {isa = PBXBuildFile; fileRef = 6EBE017829F00BC2006D1788 /* Synthesizer.swift */; };
		6EBE017D29F00C39006D1788 /* SpeechRecognizer.swift in Sources */ = {isa = PBXBuildFile; fileRef = 6EBE017B29F00C39006D1788 /* SpeechRecognizer.swift */; };
		6EBE018129F040F1006D1788 /* TextFieldClearButton.swift in Sources */ = {isa = PBXBuildFile; fileRef = 6EBE018029F040F1006D1788 /* TextFieldClearButton.swift */; };
		AD7E7E4A253D9F5A00E684A1 /* Assets.xcassets in Resources */ = {isa = PBXBuildFile; fileRef = AD7E7E49253D9F5A00E684A1 /* Assets.xcassets */; };
		AD7E7E5A253D9F5B00E684A1 /* ComplicationController.swift in Sources */ = {isa = PBXBuildFile; fileRef = AD7E7E59253D9F5B00E684A1 /* ComplicationController.swift */; };
/* End PBXBuildFile section */

/* Begin PBXFileReference section */
		6E17D2D629EFC5B5006089ED /* GptModel.swift */ = {isa = PBXFileReference; lastKnownFileType = sourcecode.swift; path = GptModel.swift; sourceTree = "<group>"; };
		6E39D09F29EFB2DA0087BB7F /* SettingsView.swift */ = {isa = PBXFileReference; fileEncoding = 4; lastKnownFileType = sourcecode.swift; path = SettingsView.swift; sourceTree = "<group>"; };
		6E3D4FD529EBB7500014201D /* ViewModel.swift */ = {isa = PBXFileReference; lastKnownFileType = sourcecode.swift; path = ViewModel.swift; sourceTree = "<group>"; };
		6E3D4FD929EBB78A0014201D /* APIController.swift */ = {isa = PBXFileReference; lastKnownFileType = sourcecode.swift; path = APIController.swift; sourceTree = "<group>"; };
		6E3D4FDD29EBB7CD0014201D /* ContentView.swift */ = {isa = PBXFileReference; lastKnownFileType = sourcecode.swift; path = ContentView.swift; sourceTree = "<group>"; };
		6E3D4FDF29EBB7F90014201D /* MessageRowView.swift */ = {isa = PBXFileReference; lastKnownFileType = sourcecode.swift; path = MessageRowView.swift; sourceTree = "<group>"; };
		6E3DED1429ECCF580088B64A /* WatchGPTPhone.app */ = {isa = PBXFileReference; explicitFileType = wrapper.application; includeInIndex = 0; path = WatchGPTPhone.app; sourceTree = BUILT_PRODUCTS_DIR; };
		6E3DED1829ECCF580088B64A /* ContentView.swift */ = {isa = PBXFileReference; lastKnownFileType = sourcecode.swift; path = ContentView.swift; sourceTree = "<group>"; };
		6E3DED1A29ECCF590088B64A /* Assets.xcassets */ = {isa = PBXFileReference; lastKnownFileType = folder.assetcatalog; path = Assets.xcassets; sourceTree = "<group>"; };
		6E9CC2A629EEB55E00D48F01 /* MessageRowView.swift */ = {isa = PBXFileReference; lastKnownFileType = sourcecode.swift; path = MessageRowView.swift; sourceTree = "<group>"; };
		6E9CC2AF29EEB86800D48F01 /* SpeechLanguage.swift */ = {isa = PBXFileReference; lastKnownFileType = sourcecode.swift; path = SpeechLanguage.swift; sourceTree = "<group>"; };
		6E9CC2B229EEBA6F00D48F01 /* Info.plist */ = {isa = PBXFileReference; lastKnownFileType = text.plist.xml; path = Info.plist; sourceTree = "<group>"; };
		6E9CC2C629EEE6ED00D48F01 /* AppMain.swift */ = {isa = PBXFileReference; lastKnownFileType = sourcecode.swift; path = AppMain.swift; sourceTree = "<group>"; };
		6EBE017829F00BC2006D1788 /* Synthesizer.swift */ = {isa = PBXFileReference; lastKnownFileType = sourcecode.swift; path = Synthesizer.swift; sourceTree = "<group>"; };
		6EBE017B29F00C39006D1788 /* SpeechRecognizer.swift */ = {isa = PBXFileReference; lastKnownFileType = sourcecode.swift; path = SpeechRecognizer.swift; sourceTree = "<group>"; };
		6EBE018029F040F1006D1788 /* TextFieldClearButton.swift */ = {isa = PBXFileReference; lastKnownFileType = sourcecode.swift; path = TextFieldClearButton.swift; sourceTree = "<group>"; };
		AD7E7E47253D9F5500E684A1 /* WatchGPTWatch.app */ = {isa = PBXFileReference; explicitFileType = wrapper.application; includeInIndex = 0; path = WatchGPTWatch.app; sourceTree = BUILT_PRODUCTS_DIR; };
		AD7E7E49253D9F5A00E684A1 /* Assets.xcassets */ = {isa = PBXFileReference; lastKnownFileType = folder.assetcatalog; path = Assets.xcassets; sourceTree = "<group>"; };
		AD7E7E4B253D9F5A00E684A1 /* Info.plist */ = {isa = PBXFileReference; lastKnownFileType = text.plist.xml; path = Info.plist; sourceTree = "<group>"; };
		AD7E7E59253D9F5B00E684A1 /* ComplicationController.swift */ = {isa = PBXFileReference; lastKnownFileType = sourcecode.swift; path = ComplicationController.swift; sourceTree = "<group>"; };
/* End PBXFileReference section */

/* Begin PBXFrameworksBuildPhase section */
		6E3DED1129ECCF580088B64A /* Frameworks */ = {
			isa = PBXFrameworksBuildPhase;
			buildActionMask = 2147483647;
			files = (
			);
			runOnlyForDeploymentPostprocessing = 0;
		};
		AD7E7E4D253D9F5A00E684A1 /* Frameworks */ = {
			isa = PBXFrameworksBuildPhase;
			buildActionMask = 2147483647;
			files = (
			);
			runOnlyForDeploymentPostprocessing = 0;
		};
/* End PBXFrameworksBuildPhase section */

/* Begin PBXGroup section */
		18D775B422AD944300AE281E = {
			isa = PBXGroup;
			children = (
				6E9CC2A329EEB22200D48F01 /* Shared */,
				AD7E7E48253D9F5600E684A1 /* WatchGPTWatch */,
				6E3DED1529ECCF580088B64A /* WatchGPTPhone */,
				18D775BE22AD944300AE281E /* Products */,
			);
			indentWidth = 2;
			sourceTree = "<group>";
			tabWidth = 2;
		};
		18D775BE22AD944300AE281E /* Products */ = {
			isa = PBXGroup;
			children = (
				AD7E7E47253D9F5500E684A1 /* WatchGPTWatch.app */,
				6E3DED1429ECCF580088B64A /* WatchGPTPhone.app */,
			);
			name = Products;
			sourceTree = "<group>";
		};
		6E3DED1529ECCF580088B64A /* WatchGPTPhone */ = {
			isa = PBXGroup;
			children = (
				6E3DED1829ECCF580088B64A /* ContentView.swift */,
				6E9CC2A629EEB55E00D48F01 /* MessageRowView.swift */,
				6EBE017B29F00C39006D1788 /* SpeechRecognizer.swift */,
				6EBE018029F040F1006D1788 /* TextFieldClearButton.swift */,
				6E3DED1A29ECCF590088B64A /* Assets.xcassets */,
				6E9CC2B229EEBA6F00D48F01 /* Info.plist */,
			);
			path = WatchGPTPhone;
			sourceTree = "<group>";
		};
		6E9CC2A329EEB22200D48F01 /* Shared */ = {
			isa = PBXGroup;
			children = (
				6E9CC2C629EEE6ED00D48F01 /* AppMain.swift */,
				6E3D4FD929EBB78A0014201D /* APIController.swift */,
				6E3D4FD529EBB7500014201D /* ViewModel.swift */,
				6E39D09F29EFB2DA0087BB7F /* SettingsView.swift */,
				6E17D2D629EFC5B5006089ED /* GptModel.swift */,
				6E9CC2AF29EEB86800D48F01 /* SpeechLanguage.swift */,
				6EBE017829F00BC2006D1788 /* Synthesizer.swift */,
			);
			name = Shared;
			sourceTree = "<group>";
		};
		AD7E7E48253D9F5600E684A1 /* WatchGPTWatch */ = {
			isa = PBXGroup;
			children = (
				6E3D4FDD29EBB7CD0014201D /* ContentView.swift */,
				6E3D4FDF29EBB7F90014201D /* MessageRowView.swift */,
				AD7E7E59253D9F5B00E684A1 /* ComplicationController.swift */,
				AD7E7E49253D9F5A00E684A1 /* Assets.xcassets */,
				AD7E7E4B253D9F5A00E684A1 /* Info.plist */,
			);
			path = WatchGPTWatch;
			sourceTree = "<group>";
		};
/* End PBXGroup section */

/* Begin PBXNativeTarget section */
		6E3DED1329ECCF580088B64A /* WatchGPTPhone */ = {
			isa = PBXNativeTarget;
			buildConfigurationList = 6E3DED2129ECCF590088B64A /* Build configuration list for PBXNativeTarget "WatchGPTPhone" */;
			buildPhases = (
				6E3DED1029ECCF580088B64A /* Sources */,
				6E3DED1129ECCF580088B64A /* Frameworks */,
				6E3DED1229ECCF580088B64A /* Resources */,
			);
			buildRules = (
			);
			dependencies = (
			);
			name = WatchGPTPhone;
			productName = WatchGPT;
			productReference = 6E3DED1429ECCF580088B64A /* WatchGPTPhone.app */;
			productType = "com.apple.product-type.application";
		};
		AD7E7E46253D9F5500E684A1 /* WatchGPTWatch */ = {
			isa = PBXNativeTarget;
			buildConfigurationList = AD7E7E68253D9F5D00E684A1 /* Build configuration list for PBXNativeTarget "WatchGPTWatch" */;
			buildPhases = (
				AD7E7E45253D9F5500E684A1 /* Resources */,
				AD7E7E4C253D9F5A00E684A1 /* Sources */,
				AD7E7E4D253D9F5A00E684A1 /* Frameworks */,
			);
			buildRules = (
			);
			dependencies = (
			);
			name = WatchGPTWatch;
			productName = WatchGPTWatch;
			productReference = AD7E7E47253D9F5500E684A1 /* WatchGPTWatch.app */;
			productType = "com.apple.product-type.application";
		};
/* End PBXNativeTarget section */

/* Begin PBXProject section */
		18D775B522AD944300AE281E /* Project object */ = {
			isa = PBXProject;
			attributes = {
				LastSwiftUpdateCheck = 1420;
				LastUpgradeCheck = 1420;
				ORGANIZATIONNAME = "";
				TargetAttributes = {
					6E3DED1329ECCF580088B64A = {
						CreatedOnToolsVersion = 14.2;
					};
					AD7E7E46253D9F5500E684A1 = {
						CreatedOnToolsVersion = 12.0.1;
					};
				};
			};
			buildConfigurationList = 18D775B822AD944300AE281E /* Build configuration list for PBXProject "WatchGPT" */;
			compatibilityVersion = "Xcode 11.0";
			developmentRegion = en;
			hasScannedForEncodings = 0;
			knownRegions = (
				en,
				Base,
			);
			mainGroup = 18D775B422AD944300AE281E;
			productRefGroup = 18D775BE22AD944300AE281E /* Products */;
			projectDirPath = "";
			projectRoot = "";
			targets = (
				AD7E7E46253D9F5500E684A1 /* WatchGPTWatch */,
				6E3DED1329ECCF580088B64A /* WatchGPTPhone */,
			);
		};
/* End PBXProject section */

/* Begin PBXResourcesBuildPhase section */
		6E3DED1229ECCF580088B64A /* Resources */ = {
			isa = PBXResourcesBuildPhase;
			buildActionMask = 2147483647;
			files = (
				6E3DED1B29ECCF590088B64A /* Assets.xcassets in Resources */,
			);
			runOnlyForDeploymentPostprocessing = 0;
		};
		AD7E7E45253D9F5500E684A1 /* Resources */ = {
			isa = PBXResourcesBuildPhase;
			buildActionMask = 2147483647;
			files = (
				AD7E7E4A253D9F5A00E684A1 /* Assets.xcassets in Resources */,
			);
			runOnlyForDeploymentPostprocessing = 0;
		};
/* End PBXResourcesBuildPhase section */

/* Begin PBXSourcesBuildPhase section */
		6E3DED1029ECCF580088B64A /* Sources */ = {
			isa = PBXSourcesBuildPhase;
			buildActionMask = 2147483647;
			files = (
				6E3DED1929ECCF580088B64A /* ContentView.swift in Sources */,
				6E39D0A129EFB2DA0087BB7F /* SettingsView.swift in Sources */,
				6EBE017A29F00BC2006D1788 /* Synthesizer.swift in Sources */,
				6E9CC2A529EEB53B00D48F01 /* APIController.swift in Sources */,
				6E9CC2C829EEE6ED00D48F01 /* AppMain.swift in Sources */,
				6EBE017D29F00C39006D1788 /* SpeechRecognizer.swift in Sources */,
				6E9CC2A729EEB55E00D48F01 /* MessageRowView.swift in Sources */,
				6E17D2D829EFC5B5006089ED /* GptModel.swift in Sources */,
				6E9CC2B029EEB86800D48F01 /* SpeechLanguage.swift in Sources */,
				6EBE018129F040F1006D1788 /* TextFieldClearButton.swift in Sources */,
				6E9CC2AE29EEB7A500D48F01 /* ViewModel.swift in Sources */,
			);
			runOnlyForDeploymentPostprocessing = 0;
		};
		AD7E7E4C253D9F5A00E684A1 /* Sources */ = {
			isa = PBXSourcesBuildPhase;
			buildActionMask = 2147483647;
			files = (
				6E9CC2B129EEB8B700D48F01 /* SpeechLanguage.swift in Sources */,
				6E17D2D729EFC5B5006089ED /* GptModel.swift in Sources */,
				6E3D4FE829EBC17D0014201D /* MessageRowView.swift in Sources */,
				6E3D4FE629EBC1440014201D /* ContentView.swift in Sources */,
				6E9CC2C729EEE6ED00D48F01 /* AppMain.swift in Sources */,
				6EBE017929F00BC2006D1788 /* Synthesizer.swift in Sources */,
				6E39D0A029EFB2DA0087BB7F /* SettingsView.swift in Sources */,
				AD7E7E5A253D9F5B00E684A1 /* ComplicationController.swift in Sources */,
				6E3D4FE229EBB8B40014201D /* ViewModel.swift in Sources */,
				6E3D4FE129EBB8B40014201D /* APIController.swift in Sources */,
			);
			runOnlyForDeploymentPostprocessing = 0;
		};
/* End PBXSourcesBuildPhase section */

/* Begin XCBuildConfiguration section */
		18D775CF22AD944400AE281E /* Debug */ = {
			isa = XCBuildConfiguration;
			buildSettings = {
				ALWAYS_SEARCH_USER_PATHS = NO;
				CLANG_ANALYZER_NONNULL = YES;
				CLANG_ANALYZER_NUMBER_OBJECT_CONVERSION = YES_AGGRESSIVE;
				CLANG_CXX_LANGUAGE_STANDARD = "gnu++14";
				CLANG_CXX_LIBRARY = "libc++";
				CLANG_ENABLE_MODULES = YES;
				CLANG_ENABLE_OBJC_ARC = YES;
				CLANG_ENABLE_OBJC_WEAK = YES;
				CLANG_WARN_BLOCK_CAPTURE_AUTORELEASING = YES;
				CLANG_WARN_BOOL_CONVERSION = YES;
				CLANG_WARN_COMMA = YES;
				CLANG_WARN_CONSTANT_CONVERSION = YES;
				CLANG_WARN_DEPRECATED_OBJC_IMPLEMENTATIONS = YES;
				CLANG_WARN_DIRECT_OBJC_ISA_USAGE = YES_ERROR;
				CLANG_WARN_DOCUMENTATION_COMMENTS = YES;
				CLANG_WARN_EMPTY_BODY = YES;
				CLANG_WARN_ENUM_CONVERSION = YES;
				CLANG_WARN_INFINITE_RECURSION = YES;
				CLANG_WARN_INT_CONVERSION = YES;
				CLANG_WARN_NON_LITERAL_NULL_CONVERSION = YES;
				CLANG_WARN_OBJC_IMPLICIT_RETAIN_SELF = YES;
				CLANG_WARN_OBJC_LITERAL_CONVERSION = YES;
				CLANG_WARN_OBJC_ROOT_CLASS = YES_ERROR;
				CLANG_WARN_QUOTED_INCLUDE_IN_FRAMEWORK_HEADER = YES;
				CLANG_WARN_RANGE_LOOP_ANALYSIS = YES;
				CLANG_WARN_STRICT_PROTOTYPES = YES;
				CLANG_WARN_SUSPICIOUS_MOVE = YES;
				CLANG_WARN_UNGUARDED_AVAILABILITY = YES_AGGRESSIVE;
				CLANG_WARN_UNREACHABLE_CODE = YES;
				CLANG_WARN__DUPLICATE_METHOD_MATCH = YES;
				COPY_PHASE_STRIP = NO;
				DEBUG_INFORMATION_FORMAT = dwarf;
				ENABLE_STRICT_OBJC_MSGSEND = YES;
				ENABLE_TESTABILITY = YES;
				GCC_C_LANGUAGE_STANDARD = gnu11;
				GCC_DYNAMIC_NO_PIC = NO;
				GCC_NO_COMMON_BLOCKS = YES;
				GCC_OPTIMIZATION_LEVEL = 0;
				GCC_PREPROCESSOR_DEFINITIONS = (
					"DEBUG=1",
					"$(inherited)",
				);
				GCC_WARN_64_TO_32_BIT_CONVERSION = YES;
				GCC_WARN_ABOUT_RETURN_TYPE = YES_ERROR;
				GCC_WARN_UNDECLARED_SELECTOR = YES;
				GCC_WARN_UNINITIALIZED_AUTOS = YES_AGGRESSIVE;
				GCC_WARN_UNUSED_FUNCTION = YES;
				GCC_WARN_UNUSED_VARIABLE = YES;
				IPHONEOS_DEPLOYMENT_TARGET = 14.0;
				MTL_ENABLE_DEBUG_INFO = INCLUDE_SOURCE;
				MTL_FAST_MATH = YES;
				ONLY_ACTIVE_ARCH = YES;
				SDKROOT = iphoneos;
				SWIFT_ACTIVE_COMPILATION_CONDITIONS = DEBUG;
				SWIFT_OPTIMIZATION_LEVEL = "-Onone";
			};
			name = Debug;
		};
		18D775D022AD944400AE281E /* Release */ = {
			isa = XCBuildConfiguration;
			buildSettings = {
				ALWAYS_SEARCH_USER_PATHS = NO;
				CLANG_ANALYZER_NONNULL = YES;
				CLANG_ANALYZER_NUMBER_OBJECT_CONVERSION = YES_AGGRESSIVE;
				CLANG_CXX_LANGUAGE_STANDARD = "gnu++14";
				CLANG_CXX_LIBRARY = "libc++";
				CLANG_ENABLE_MODULES = YES;
				CLANG_ENABLE_OBJC_ARC = YES;
				CLANG_ENABLE_OBJC_WEAK = YES;
				CLANG_WARN_BLOCK_CAPTURE_AUTORELEASING = YES;
				CLANG_WARN_BOOL_CONVERSION = YES;
				CLANG_WARN_COMMA = YES;
				CLANG_WARN_CONSTANT_CONVERSION = YES;
				CLANG_WARN_DEPRECATED_OBJC_IMPLEMENTATIONS = YES;
				CLANG_WARN_DIRECT_OBJC_ISA_USAGE = YES_ERROR;
				CLANG_WARN_DOCUMENTATION_COMMENTS = YES;
				CLANG_WARN_EMPTY_BODY = YES;
				CLANG_WARN_ENUM_CONVERSION = YES;
				CLANG_WARN_INFINITE_RECURSION = YES;
				CLANG_WARN_INT_CONVERSION = YES;
				CLANG_WARN_NON_LITERAL_NULL_CONVERSION = YES;
				CLANG_WARN_OBJC_IMPLICIT_RETAIN_SELF = YES;
				CLANG_WARN_OBJC_LITERAL_CONVERSION = YES;
				CLANG_WARN_OBJC_ROOT_CLASS = YES_ERROR;
				CLANG_WARN_QUOTED_INCLUDE_IN_FRAMEWORK_HEADER = YES;
				CLANG_WARN_RANGE_LOOP_ANALYSIS = YES;
				CLANG_WARN_STRICT_PROTOTYPES = YES;
				CLANG_WARN_SUSPICIOUS_MOVE = YES;
				CLANG_WARN_UNGUARDED_AVAILABILITY = YES_AGGRESSIVE;
				CLANG_WARN_UNREACHABLE_CODE = YES;
				CLANG_WARN__DUPLICATE_METHOD_MATCH = YES;
				COPY_PHASE_STRIP = NO;
				DEBUG_INFORMATION_FORMAT = "dwarf-with-dsym";
				ENABLE_NS_ASSERTIONS = NO;
				ENABLE_STRICT_OBJC_MSGSEND = YES;
				GCC_C_LANGUAGE_STANDARD = gnu11;
				GCC_NO_COMMON_BLOCKS = YES;
				GCC_WARN_64_TO_32_BIT_CONVERSION = YES;
				GCC_WARN_ABOUT_RETURN_TYPE = YES_ERROR;
				GCC_WARN_UNDECLARED_SELECTOR = YES;
				GCC_WARN_UNINITIALIZED_AUTOS = YES_AGGRESSIVE;
				GCC_WARN_UNUSED_FUNCTION = YES;
				GCC_WARN_UNUSED_VARIABLE = YES;
				IPHONEOS_DEPLOYMENT_TARGET = 14.0;
				MTL_ENABLE_DEBUG_INFO = NO;
				MTL_FAST_MATH = YES;
				SDKROOT = iphoneos;
				SWIFT_COMPILATION_MODE = wholemodule;
				SWIFT_OPTIMIZATION_LEVEL = "-O";
				VALIDATE_PRODUCT = YES;
			};
			name = Release;
		};
		6E3DED1F29ECCF590088B64A /* Debug */ = {
			isa = XCBuildConfiguration;
			buildSettings = {
				ASSETCATALOG_COMPILER_APPICON_NAME = AppIcon;
				ASSETCATALOG_COMPILER_GLOBAL_ACCENT_COLOR_NAME = AccentColor;
				CLANG_CXX_LANGUAGE_STANDARD = "gnu++20";
				CODE_SIGN_STYLE = Automatic;
				CURRENT_PROJECT_VERSION = 1;
				DEVELOPMENT_ASSET_PATHS = "";
				DEVELOPMENT_TEAM = JC425FUS22;
				ENABLE_PREVIEWS = YES;
				GENERATE_INFOPLIST_FILE = YES;
				INFOPLIST_FILE = "$(SRCROOT)/WatchGPTPhone/Info.plist";
				INFOPLIST_KEY_CFBundleDisplayName = WatchGPT;
				INFOPLIST_KEY_NSMicrophoneUsageDescription = "The app will use the phone microphone to record your voice.";
				INFOPLIST_KEY_NSSpeechRecognitionUsageDescription = "The app will use the function to recognize your talk.";
				INFOPLIST_KEY_UIApplicationSceneManifest_Generation = YES;
				INFOPLIST_KEY_UIApplicationSupportsIndirectInputEvents = YES;
				INFOPLIST_KEY_UILaunchScreen_Generation = YES;
				INFOPLIST_KEY_UISupportedInterfaceOrientations = "UIInterfaceOrientationPortrait UIInterfaceOrientationPortraitUpsideDown UIInterfaceOrientationLandscapeLeft UIInterfaceOrientationLandscapeRight";
				INFOPLIST_KEY_UISupportedInterfaceOrientations_iPad = "UIInterfaceOrientationPortrait UIInterfaceOrientationPortraitUpsideDown UIInterfaceOrientationLandscapeLeft UIInterfaceOrientationLandscapeRight";
				INFOPLIST_KEY_UISupportedInterfaceOrientations_iPhone = "UIInterfaceOrientationPortrait UIInterfaceOrientationLandscapeLeft UIInterfaceOrientationLandscapeRight";
				IPHONEOS_DEPLOYMENT_TARGET = 16.0;
				LD_RUNPATH_SEARCH_PATHS = (
					"$(inherited)",
					"@executable_path/Frameworks",
				);
				MARKETING_VERSION = 1.0;
				PRODUCT_BUNDLE_IDENTIFIER = com.aynik.WatchGPT;
				PRODUCT_NAME = "$(TARGET_NAME)";
				SWIFT_EMIT_LOC_STRINGS = YES;
				SWIFT_VERSION = 5.0;
				TARGETED_DEVICE_FAMILY = "1,2";
			};
			name = Debug;
		};
		6E3DED2029ECCF590088B64A /* Release */ = {
			isa = XCBuildConfiguration;
			buildSettings = {
				ASSETCATALOG_COMPILER_APPICON_NAME = AppIcon;
				ASSETCATALOG_COMPILER_GLOBAL_ACCENT_COLOR_NAME = AccentColor;
				CLANG_CXX_LANGUAGE_STANDARD = "gnu++20";
				CODE_SIGN_STYLE = Automatic;
				CURRENT_PROJECT_VERSION = 1;
				DEVELOPMENT_ASSET_PATHS = "";
				DEVELOPMENT_TEAM = JC425FUS22;
				ENABLE_PREVIEWS = YES;
				GENERATE_INFOPLIST_FILE = YES;
				INFOPLIST_FILE = "$(SRCROOT)/WatchGPTPhone/Info.plist";
				INFOPLIST_KEY_CFBundleDisplayName = WatchGPT;
				INFOPLIST_KEY_NSMicrophoneUsageDescription = "The app will use the phone microphone to record your voice.";
				INFOPLIST_KEY_NSSpeechRecognitionUsageDescription = "The app will use the function to recognize your talk.";
				INFOPLIST_KEY_UIApplicationSceneManifest_Generation = YES;
				INFOPLIST_KEY_UIApplicationSupportsIndirectInputEvents = YES;
				INFOPLIST_KEY_UILaunchScreen_Generation = YES;
				INFOPLIST_KEY_UISupportedInterfaceOrientations = "UIInterfaceOrientationPortrait UIInterfaceOrientationPortraitUpsideDown UIInterfaceOrientationLandscapeLeft UIInterfaceOrientationLandscapeRight";
				INFOPLIST_KEY_UISupportedInterfaceOrientations_iPad = "UIInterfaceOrientationPortrait UIInterfaceOrientationPortraitUpsideDown UIInterfaceOrientationLandscapeLeft UIInterfaceOrientationLandscapeRight";
				INFOPLIST_KEY_UISupportedInterfaceOrientations_iPhone = "UIInterfaceOrientationPortrait UIInterfaceOrientationLandscapeLeft UIInterfaceOrientationLandscapeRight";
				IPHONEOS_DEPLOYMENT_TARGET = 16.0;
				LD_RUNPATH_SEARCH_PATHS = (
					"$(inherited)",
					"@executable_path/Frameworks",
				);
				MARKETING_VERSION = 1.0;
				PRODUCT_BUNDLE_IDENTIFIER = com.aynik.WatchGPT;
				PRODUCT_NAME = "$(TARGET_NAME)";
				SWIFT_EMIT_LOC_STRINGS = YES;
				SWIFT_VERSION = 5.0;
				TARGETED_DEVICE_FAMILY = "1,2";
			};
			name = Release;
		};
		AD7E7E69253D9F5D00E684A1 /* Debug */ = {
			isa = XCBuildConfiguration;
			buildSettings = {
				ALWAYS_EMBED_SWIFT_STANDARD_LIBRARIES = YES;
				ASSETCATALOG_COMPILER_APPICON_NAME = AppIcon;
				ASSETCATALOG_COMPILER_COMPLICATION_NAME = Complication;
				ASSETCATALOG_COMPILER_GLOBAL_ACCENT_COLOR_NAME = AccentColor;
				CODE_SIGN_STYLE = Automatic;
				CURRENT_PROJECT_VERSION = 1;
				DEVELOPMENT_TEAM = JC425FUS22;
				INFOPLIST_FILE = "$(SRCROOT)/WatchGPTWatch/Info.plist";
				LD_RUNPATH_SEARCH_PATHS = (
					"@executable_path/Frameworks",
					"@executable_path/../../Frameworks",
				);
				MARKETING_VERSION = 1.0;
				PRODUCT_BUNDLE_IDENTIFIER = com.aynik.WatchGPT.watchkit;
				PRODUCT_NAME = "$(TARGET_NAME)";
				SDKROOT = watchos;
				SKIP_INSTALL = YES;
				SWIFT_VERSION = 5.0;
				TARGETED_DEVICE_FAMILY = 4;
				WATCHOS_DEPLOYMENT_TARGET = 8.0;
			};
			name = Debug;
		};
		AD7E7E6A253D9F5D00E684A1 /* Release */ = {
			isa = XCBuildConfiguration;
			buildSettings = {
				ALWAYS_EMBED_SWIFT_STANDARD_LIBRARIES = YES;
				ASSETCATALOG_COMPILER_APPICON_NAME = AppIcon;
				ASSETCATALOG_COMPILER_COMPLICATION_NAME = Complication;
				ASSETCATALOG_COMPILER_GLOBAL_ACCENT_COLOR_NAME = AccentColor;
				CODE_SIGN_STYLE = Automatic;
				CURRENT_PROJECT_VERSION = 1;
				DEVELOPMENT_TEAM = JC425FUS22;
				INFOPLIST_FILE = "$(SRCROOT)/WatchGPTWatch/Info.plist";
				LD_RUNPATH_SEARCH_PATHS = (
					"@executable_path/Frameworks",
					"@executable_path/../../Frameworks",
				);
				MARKETING_VERSION = 1.0;
				PRODUCT_BUNDLE_IDENTIFIER = com.aynik.WatchGPT.watchkit;
				PRODUCT_NAME = "$(TARGET_NAME)";
				SDKROOT = watchos;
				SKIP_INSTALL = YES;
				SWIFT_VERSION = 5.0;
				TARGETED_DEVICE_FAMILY = 4;
				WATCHOS_DEPLOYMENT_TARGET = 8.0;
			};
			name = Release;
		};
/* End XCBuildConfiguration section */

/* Begin XCConfigurationList section */
		18D775B822AD944300AE281E /* Build configuration list for PBXProject "WatchGPT" */ = {
			isa = XCConfigurationList;
			buildConfigurations = (
				18D775CF22AD944400AE281E /* Debug */,
				18D775D022AD944400AE281E /* Release */,
			);
			defaultConfigurationIsVisible = 0;
			defaultConfigurationName = Release;
		};
		6E3DED2129ECCF590088B64A /* Build configuration list for PBXNativeTarget "WatchGPTPhone" */ = {
			isa = XCConfigurationList;
			buildConfigurations = (
				6E3DED1F29ECCF590088B64A /* Debug */,
				6E3DED2029ECCF590088B64A /* Release */,
			);
			defaultConfigurationIsVisible = 0;
			defaultConfigurationName = Release;
		};
		AD7E7E68253D9F5D00E684A1 /* Build configuration list for PBXNativeTarget "WatchGPTWatch" */ = {
			isa = XCConfigurationList;
			buildConfigurations = (
				AD7E7E69253D9F5D00E684A1 /* Debug */,
				AD7E7E6A253D9F5D00E684A1 /* Release */,
			);
			defaultConfigurationIsVisible = 0;
			defaultConfigurationName = Release;
		};
/* End XCConfigurationList section */
	};
	rootObject = 18D775B522AD944300AE281E /* Project object */;
}
